// !$*UTF8*$!
{
	archiveVersion = 1;
	classes = {
	};
	objectVersion = 56;
	objects = {

/* Begin PBXBuildFile section */
		C55E47D22C904276000A64CF /* GoogleService-Info.plist in Resources */ = {isa = PBXBuildFile; fileRef = C55E47D12C904276000A64CF /* GoogleService-Info.plist */; };
		C55E47D42C904371000A64CF /* FirebaseAuth in Frameworks */ = {isa = PBXBuildFile; productRef = C55E47D32C904371000A64CF /* FirebaseAuth */; };
		C55E47D62C904371000A64CF /* FirebaseDatabase in Frameworks */ = {isa = PBXBuildFile; productRef = C55E47D52C904371000A64CF /* FirebaseDatabase */; };
		C55E47D82C904390000A64CF /* FirebaseAnalytics in Frameworks */ = {isa = PBXBuildFile; productRef = C55E47D72C904390000A64CF /* FirebaseAnalytics */; };
		C55E47DA2C904390000A64CF /* FirebaseAnalyticsOnDeviceConversion in Frameworks */ = {isa = PBXBuildFile; productRef = C55E47D92C904390000A64CF /* FirebaseAnalyticsOnDeviceConversion */; };
		C55E47DC2C904390000A64CF /* FirebaseAnalyticsWithoutAdIdSupport in Frameworks */ = {isa = PBXBuildFile; productRef = C55E47DB2C904390000A64CF /* FirebaseAnalyticsWithoutAdIdSupport */; };
		C55E47DE2C904390000A64CF /* FirebaseAppCheck in Frameworks */ = {isa = PBXBuildFile; productRef = C55E47DD2C904390000A64CF /* FirebaseAppCheck */; };
		C55E47E02C904390000A64CF /* FirebaseAppDistribution-Beta in Frameworks */ = {isa = PBXBuildFile; productRef = C55E47DF2C904390000A64CF /* FirebaseAppDistribution-Beta */; };
		C55E47E22C904390000A64CF /* FirebaseAuthCombine-Community in Frameworks */ = {isa = PBXBuildFile; productRef = C55E47E12C904390000A64CF /* FirebaseAuthCombine-Community */; };
		C55E47E42C904390000A64CF /* FirebaseCrashlytics in Frameworks */ = {isa = PBXBuildFile; productRef = C55E47E32C904390000A64CF /* FirebaseCrashlytics */; };
		C55E47E62C904390000A64CF /* FirebaseDynamicLinks in Frameworks */ = {isa = PBXBuildFile; productRef = C55E47E52C904390000A64CF /* FirebaseDynamicLinks */; };
		C55E47E82C904390000A64CF /* FirebaseFirestore in Frameworks */ = {isa = PBXBuildFile; productRef = C55E47E72C904390000A64CF /* FirebaseFirestore */; };
		C55E47EA2C904390000A64CF /* FirebaseFirestoreCombine-Community in Frameworks */ = {isa = PBXBuildFile; productRef = C55E47E92C904390000A64CF /* FirebaseFirestoreCombine-Community */; };
		C55E47EC2C904390000A64CF /* FirebaseFunctions in Frameworks */ = {isa = PBXBuildFile; productRef = C55E47EB2C904390000A64CF /* FirebaseFunctions */; };
		C55E47EE2C904390000A64CF /* FirebaseFunctionsCombine-Community in Frameworks */ = {isa = PBXBuildFile; productRef = C55E47ED2C904390000A64CF /* FirebaseFunctionsCombine-Community */; };
		C55E47F02C904390000A64CF /* FirebaseInAppMessaging-Beta in Frameworks */ = {isa = PBXBuildFile; productRef = C55E47EF2C904390000A64CF /* FirebaseInAppMessaging-Beta */; };
		C55E47F22C904390000A64CF /* FirebaseInstallations in Frameworks */ = {isa = PBXBuildFile; productRef = C55E47F12C904390000A64CF /* FirebaseInstallations */; };
		C55E47F42C904390000A64CF /* FirebaseMessaging in Frameworks */ = {isa = PBXBuildFile; productRef = C55E47F32C904390000A64CF /* FirebaseMessaging */; };
		C55E47F62C904390000A64CF /* FirebaseMLModelDownloader in Frameworks */ = {isa = PBXBuildFile; productRef = C55E47F52C904390000A64CF /* FirebaseMLModelDownloader */; };
		C55E47F82C904390000A64CF /* FirebasePerformance in Frameworks */ = {isa = PBXBuildFile; productRef = C55E47F72C904390000A64CF /* FirebasePerformance */; };
		C55E47FA2C904390000A64CF /* FirebaseRemoteConfig in Frameworks */ = {isa = PBXBuildFile; productRef = C55E47F92C904390000A64CF /* FirebaseRemoteConfig */; };
		C55E47FC2C904390000A64CF /* FirebaseStorage in Frameworks */ = {isa = PBXBuildFile; productRef = C55E47FB2C904390000A64CF /* FirebaseStorage */; };
		C55E47FE2C904390000A64CF /* FirebaseStorageCombine-Community in Frameworks */ = {isa = PBXBuildFile; productRef = C55E47FD2C904390000A64CF /* FirebaseStorageCombine-Community */; };
		C55E48002C904390000A64CF /* FirebaseVertexAI-Preview in Frameworks */ = {isa = PBXBuildFile; productRef = C55E47FF2C904390000A64CF /* FirebaseVertexAI-Preview */; };
		C59032602C8F5B0100328DC8 /* fpaApp.swift in Sources */ = {isa = PBXBuildFile; fileRef = C590325F2C8F5B0100328DC8 /* fpaApp.swift */; };
		C59032622C8F5B0100328DC8 /* ContentView.swift in Sources */ = {isa = PBXBuildFile; fileRef = C59032612C8F5B0100328DC8 /* ContentView.swift */; };
		C59032642C8F5B0200328DC8 /* Assets.xcassets in Resources */ = {isa = PBXBuildFile; fileRef = C59032632C8F5B0200328DC8 /* Assets.xcassets */; };
		C59032672C8F5B0200328DC8 /* Preview Assets.xcassets in Resources */ = {isa = PBXBuildFile; fileRef = C59032662C8F5B0200328DC8 /* Preview Assets.xcassets */; };
		C59032712C8F5B0300328DC8 /* fpaTests.swift in Sources */ = {isa = PBXBuildFile; fileRef = C59032702C8F5B0300328DC8 /* fpaTests.swift */; };
		C590327B2C8F5B0300328DC8 /* fpaUITests.swift in Sources */ = {isa = PBXBuildFile; fileRef = C590327A2C8F5B0300328DC8 /* fpaUITests.swift */; };
		C590327D2C8F5B0300328DC8 /* fpaUITestsLaunchTests.swift in Sources */ = {isa = PBXBuildFile; fileRef = C590327C2C8F5B0300328DC8 /* fpaUITestsLaunchTests.swift */; };
		C5F252D92C902F80007FEE1F /* ConfettiSwiftUI in Frameworks */ = {isa = PBXBuildFile; productRef = C5F252D82C902F80007FEE1F /* ConfettiSwiftUI */; settings = {ATTRIBUTES = (Required, ); }; };
/* End PBXBuildFile section */

/* Begin PBXContainerItemProxy section */
		C590326D2C8F5B0300328DC8 /* PBXContainerItemProxy */ = {
			isa = PBXContainerItemProxy;
			containerPortal = C59032542C8F5B0100328DC8 /* Project object */;
			proxyType = 1;
			remoteGlobalIDString = C590325B2C8F5B0100328DC8;
			remoteInfo = fpa;
		};
		C59032772C8F5B0300328DC8 /* PBXContainerItemProxy */ = {
			isa = PBXContainerItemProxy;
			containerPortal = C59032542C8F5B0100328DC8 /* Project object */;
			proxyType = 1;
			remoteGlobalIDString = C590325B2C8F5B0100328DC8;
			remoteInfo = fpa;
		};
/* End PBXContainerItemProxy section */

/* Begin PBXFileReference section */
		C55E47D12C904276000A64CF /* GoogleService-Info.plist */ = {isa = PBXFileReference; fileEncoding = 4; lastKnownFileType = text.plist.xml; path = "GoogleService-Info.plist"; sourceTree = "<group>"; };
		C590325C2C8F5B0100328DC8 /* fpa.app */ = {isa = PBXFileReference; explicitFileType = wrapper.application; includeInIndex = 0; path = fpa.app; sourceTree = BUILT_PRODUCTS_DIR; };
		C590325F2C8F5B0100328DC8 /* fpaApp.swift */ = {isa = PBXFileReference; lastKnownFileType = sourcecode.swift; path = fpaApp.swift; sourceTree = "<group>"; };
		C59032612C8F5B0100328DC8 /* ContentView.swift */ = {isa = PBXFileReference; lastKnownFileType = sourcecode.swift; path = ContentView.swift; sourceTree = "<group>"; };
		C59032632C8F5B0200328DC8 /* Assets.xcassets */ = {isa = PBXFileReference; lastKnownFileType = folder.assetcatalog; path = Assets.xcassets; sourceTree = "<group>"; };
		C59032662C8F5B0200328DC8 /* Preview Assets.xcassets */ = {isa = PBXFileReference; lastKnownFileType = folder.assetcatalog; path = "Preview Assets.xcassets"; sourceTree = "<group>"; };
		C590326C2C8F5B0300328DC8 /* fpaTests.xctest */ = {isa = PBXFileReference; explicitFileType = wrapper.cfbundle; includeInIndex = 0; path = fpaTests.xctest; sourceTree = BUILT_PRODUCTS_DIR; };
		C59032702C8F5B0300328DC8 /* fpaTests.swift */ = {isa = PBXFileReference; lastKnownFileType = sourcecode.swift; path = fpaTests.swift; sourceTree = "<group>"; };
		C59032762C8F5B0300328DC8 /* fpaUITests.xctest */ = {isa = PBXFileReference; explicitFileType = wrapper.cfbundle; includeInIndex = 0; path = fpaUITests.xctest; sourceTree = BUILT_PRODUCTS_DIR; };
		C590327A2C8F5B0300328DC8 /* fpaUITests.swift */ = {isa = PBXFileReference; lastKnownFileType = sourcecode.swift; path = fpaUITests.swift; sourceTree = "<group>"; };
		C590327C2C8F5B0300328DC8 /* fpaUITestsLaunchTests.swift */ = {isa = PBXFileReference; lastKnownFileType = sourcecode.swift; path = fpaUITestsLaunchTests.swift; sourceTree = "<group>"; };
/* End PBXFileReference section */

/* Begin PBXFrameworksBuildPhase section */
		C59032592C8F5B0100328DC8 /* Frameworks */ = {
			isa = PBXFrameworksBuildPhase;
			buildActionMask = 2147483647;
			files = (
				C55E48002C904390000A64CF /* FirebaseVertexAI-Preview in Frameworks */,
				C55E47F42C904390000A64CF /* FirebaseMessaging in Frameworks */,
				C55E47EA2C904390000A64CF /* FirebaseFirestoreCombine-Community in Frameworks */,
				C55E47F82C904390000A64CF /* FirebasePerformance in Frameworks */,
				C55E47FE2C904390000A64CF /* FirebaseStorageCombine-Community in Frameworks */,
				C55E47FA2C904390000A64CF /* FirebaseRemoteConfig in Frameworks */,
				C55E47EC2C904390000A64CF /* FirebaseFunctions in Frameworks */,
				C55E47D62C904371000A64CF /* FirebaseDatabase in Frameworks */,
				C55E47E62C904390000A64CF /* FirebaseDynamicLinks in Frameworks */,
				C55E47E22C904390000A64CF /* FirebaseAuthCombine-Community in Frameworks */,
				C55E47DC2C904390000A64CF /* FirebaseAnalyticsWithoutAdIdSupport in Frameworks */,
				C5F252D92C902F80007FEE1F /* ConfettiSwiftUI in Frameworks */,
				C55E47E82C904390000A64CF /* FirebaseFirestore in Frameworks */,
				C55E47F22C904390000A64CF /* FirebaseInstallations in Frameworks */,
				C55E47EE2C904390000A64CF /* FirebaseFunctionsCombine-Community in Frameworks */,
				C55E47DA2C904390000A64CF /* FirebaseAnalyticsOnDeviceConversion in Frameworks */,
				C55E47F62C904390000A64CF /* FirebaseMLModelDownloader in Frameworks */,
				C55E47DE2C904390000A64CF /* FirebaseAppCheck in Frameworks */,
				C55E47F02C904390000A64CF /* FirebaseInAppMessaging-Beta in Frameworks */,
				C55E47D82C904390000A64CF /* FirebaseAnalytics in Frameworks */,
				C55E47E42C904390000A64CF /* FirebaseCrashlytics in Frameworks */,
				C55E47FC2C904390000A64CF /* FirebaseStorage in Frameworks */,
				C55E47D42C904371000A64CF /* FirebaseAuth in Frameworks */,
				C55E47E02C904390000A64CF /* FirebaseAppDistribution-Beta in Frameworks */,
			);
			runOnlyForDeploymentPostprocessing = 0;
		};
		C59032692C8F5B0300328DC8 /* Frameworks */ = {
			isa = PBXFrameworksBuildPhase;
			buildActionMask = 2147483647;
			files = (
			);
			runOnlyForDeploymentPostprocessing = 0;
		};
		C59032732C8F5B0300328DC8 /* Frameworks */ = {
			isa = PBXFrameworksBuildPhase;
			buildActionMask = 2147483647;
			files = (
			);
			runOnlyForDeploymentPostprocessing = 0;
		};
/* End PBXFrameworksBuildPhase section */

/* Begin PBXGroup section */
		C59032532C8F5B0100328DC8 = {
			isa = PBXGroup;
			children = (
				C55E47D12C904276000A64CF /* GoogleService-Info.plist */,
				C590325E2C8F5B0100328DC8 /* fpa */,
				C590326F2C8F5B0300328DC8 /* fpaTests */,
				C59032792C8F5B0300328DC8 /* fpaUITests */,
				C590325D2C8F5B0100328DC8 /* Products */,
				C5F252D72C902F80007FEE1F /* Frameworks */,
			);
			sourceTree = "<group>";
		};
		C590325D2C8F5B0100328DC8 /* Products */ = {
			isa = PBXGroup;
			children = (
				C590325C2C8F5B0100328DC8 /* fpa.app */,
				C590326C2C8F5B0300328DC8 /* fpaTests.xctest */,
				C59032762C8F5B0300328DC8 /* fpaUITests.xctest */,
			);
			name = Products;
			sourceTree = "<group>";
		};
		C590325E2C8F5B0100328DC8 /* fpa */ = {
			isa = PBXGroup;
			children = (
				C590325F2C8F5B0100328DC8 /* fpaApp.swift */,
				C59032612C8F5B0100328DC8 /* ContentView.swift */,
				C59032632C8F5B0200328DC8 /* Assets.xcassets */,
				C59032652C8F5B0200328DC8 /* Preview Content */,
			);
			path = fpa;
			sourceTree = "<group>";
		};
		C59032652C8F5B0200328DC8 /* Preview Content */ = {
			isa = PBXGroup;
			children = (
				C59032662C8F5B0200328DC8 /* Preview Assets.xcassets */,
			);
			path = "Preview Content";
			sourceTree = "<group>";
		};
		C590326F2C8F5B0300328DC8 /* fpaTests */ = {
			isa = PBXGroup;
			children = (
				C59032702C8F5B0300328DC8 /* fpaTests.swift */,
			);
			path = fpaTests;
			sourceTree = "<group>";
		};
		C59032792C8F5B0300328DC8 /* fpaUITests */ = {
			isa = PBXGroup;
			children = (
				C590327A2C8F5B0300328DC8 /* fpaUITests.swift */,
				C590327C2C8F5B0300328DC8 /* fpaUITestsLaunchTests.swift */,
			);
			path = fpaUITests;
			sourceTree = "<group>";
		};
		C5F252D72C902F80007FEE1F /* Frameworks */ = {
			isa = PBXGroup;
			children = (
			);
			name = Frameworks;
			sourceTree = "<group>";
		};
/* End PBXGroup section */

/* Begin PBXNativeTarget section */
		C590325B2C8F5B0100328DC8 /* fpa */ = {
			isa = PBXNativeTarget;
			buildConfigurationList = C59032802C8F5B0300328DC8 /* Build configuration list for PBXNativeTarget "fpa" */;
			buildPhases = (
				C59032582C8F5B0100328DC8 /* Sources */,
				C59032592C8F5B0100328DC8 /* Frameworks */,
				C590325A2C8F5B0100328DC8 /* Resources */,
			);
			buildRules = (
			);
			dependencies = (
			);
			name = fpa;
			packageProductDependencies = (
				C5F252D82C902F80007FEE1F /* ConfettiSwiftUI */,
				C55E47D32C904371000A64CF /* FirebaseAuth */,
				C55E47D52C904371000A64CF /* FirebaseDatabase */,
				C55E47D72C904390000A64CF /* FirebaseAnalytics */,
				C55E47D92C904390000A64CF /* FirebaseAnalyticsOnDeviceConversion */,
				C55E47DB2C904390000A64CF /* FirebaseAnalyticsWithoutAdIdSupport */,
				C55E47DD2C904390000A64CF /* FirebaseAppCheck */,
				C55E47DF2C904390000A64CF /* FirebaseAppDistribution-Beta */,
				C55E47E12C904390000A64CF /* FirebaseAuthCombine-Community */,
				C55E47E32C904390000A64CF /* FirebaseCrashlytics */,
				C55E47E52C904390000A64CF /* FirebaseDynamicLinks */,
				C55E47E72C904390000A64CF /* FirebaseFirestore */,
				C55E47E92C904390000A64CF /* FirebaseFirestoreCombine-Community */,
				C55E47EB2C904390000A64CF /* FirebaseFunctions */,
				C55E47ED2C904390000A64CF /* FirebaseFunctionsCombine-Community */,
				C55E47EF2C904390000A64CF /* FirebaseInAppMessaging-Beta */,
				C55E47F12C904390000A64CF /* FirebaseInstallations */,
				C55E47F32C904390000A64CF /* FirebaseMessaging */,
				C55E47F52C904390000A64CF /* FirebaseMLModelDownloader */,
				C55E47F72C904390000A64CF /* FirebasePerformance */,
				C55E47F92C904390000A64CF /* FirebaseRemoteConfig */,
				C55E47FB2C904390000A64CF /* FirebaseStorage */,
				C55E47FD2C904390000A64CF /* FirebaseStorageCombine-Community */,
				C55E47FF2C904390000A64CF /* FirebaseVertexAI-Preview */,
			);
			productName = fpa;
			productReference = C590325C2C8F5B0100328DC8 /* fpa.app */;
			productType = "com.apple.product-type.application";
		};
		C590326B2C8F5B0300328DC8 /* fpaTests */ = {
			isa = PBXNativeTarget;
			buildConfigurationList = C59032832C8F5B0300328DC8 /* Build configuration list for PBXNativeTarget "fpaTests" */;
			buildPhases = (
				C59032682C8F5B0300328DC8 /* Sources */,
				C59032692C8F5B0300328DC8 /* Frameworks */,
				C590326A2C8F5B0300328DC8 /* Resources */,
			);
			buildRules = (
			);
			dependencies = (
				C590326E2C8F5B0300328DC8 /* PBXTargetDependency */,
			);
			name = fpaTests;
			productName = fpaTests;
			productReference = C590326C2C8F5B0300328DC8 /* fpaTests.xctest */;
			productType = "com.apple.product-type.bundle.unit-test";
		};
		C59032752C8F5B0300328DC8 /* fpaUITests */ = {
			isa = PBXNativeTarget;
			buildConfigurationList = C59032862C8F5B0300328DC8 /* Build configuration list for PBXNativeTarget "fpaUITests" */;
			buildPhases = (
				C59032722C8F5B0300328DC8 /* Sources */,
				C59032732C8F5B0300328DC8 /* Frameworks */,
				C59032742C8F5B0300328DC8 /* Resources */,
			);
			buildRules = (
			);
			dependencies = (
				C59032782C8F5B0300328DC8 /* PBXTargetDependency */,
			);
			name = fpaUITests;
			productName = fpaUITests;
			productReference = C59032762C8F5B0300328DC8 /* fpaUITests.xctest */;
			productType = "com.apple.product-type.bundle.ui-testing";
		};
/* End PBXNativeTarget section */

/* Begin PBXProject section */
		C59032542C8F5B0100328DC8 /* Project object */ = {
			isa = PBXProject;
			attributes = {
				BuildIndependentTargetsInParallel = 1;
				LastSwiftUpdateCheck = 1540;
				LastUpgradeCheck = 1540;
				TargetAttributes = {
					C590325B2C8F5B0100328DC8 = {
						CreatedOnToolsVersion = 15.4;
					};
					C590326B2C8F5B0300328DC8 = {
						CreatedOnToolsVersion = 15.4;
						TestTargetID = C590325B2C8F5B0100328DC8;
					};
					C59032752C8F5B0300328DC8 = {
						CreatedOnToolsVersion = 15.4;
						TestTargetID = C590325B2C8F5B0100328DC8;
					};
				};
			};
			buildConfigurationList = C59032572C8F5B0100328DC8 /* Build configuration list for PBXProject "fpa" */;
			compatibilityVersion = "Xcode 14.0";
			developmentRegion = en;
			hasScannedForEncodings = 0;
			knownRegions = (
				en,
				Base,
			);
			mainGroup = C59032532C8F5B0100328DC8;
			packageReferences = (
				C566524D2C902E2600EE3A82 /* XCRemoteSwiftPackageReference "ConfettiSwiftUI" */,
				C55E47D02C90418C000A64CF /* XCRemoteSwiftPackageReference "firebase-ios-sdk" */,
			);
			productRefGroup = C590325D2C8F5B0100328DC8 /* Products */;
			projectDirPath = "";
			projectRoot = "";
			targets = (
				C590325B2C8F5B0100328DC8 /* fpa */,
				C590326B2C8F5B0300328DC8 /* fpaTests */,
				C59032752C8F5B0300328DC8 /* fpaUITests */,
			);
		};
/* End PBXProject section */

/* Begin PBXResourcesBuildPhase section */
		C590325A2C8F5B0100328DC8 /* Resources */ = {
			isa = PBXResourcesBuildPhase;
			buildActionMask = 2147483647;
			files = (
				C59032672C8F5B0200328DC8 /* Preview Assets.xcassets in Resources */,
				C59032642C8F5B0200328DC8 /* Assets.xcassets in Resources */,
				C55E47D22C904276000A64CF /* GoogleService-Info.plist in Resources */,
			);
			runOnlyForDeploymentPostprocessing = 0;
		};
		C590326A2C8F5B0300328DC8 /* Resources */ = {
			isa = PBXResourcesBuildPhase;
			buildActionMask = 2147483647;
			files = (
			);
			runOnlyForDeploymentPostprocessing = 0;
		};
		C59032742C8F5B0300328DC8 /* Resources */ = {
			isa = PBXResourcesBuildPhase;
			buildActionMask = 2147483647;
			files = (
			);
			runOnlyForDeploymentPostprocessing = 0;
		};
/* End PBXResourcesBuildPhase section */

/* Begin PBXSourcesBuildPhase section */
		C59032582C8F5B0100328DC8 /* Sources */ = {
			isa = PBXSourcesBuildPhase;
			buildActionMask = 2147483647;
			files = (
				C59032622C8F5B0100328DC8 /* ContentView.swift in Sources */,
				C59032602C8F5B0100328DC8 /* fpaApp.swift in Sources */,
			);
			runOnlyForDeploymentPostprocessing = 0;
		};
		C59032682C8F5B0300328DC8 /* Sources */ = {
			isa = PBXSourcesBuildPhase;
			buildActionMask = 2147483647;
			files = (
				C59032712C8F5B0300328DC8 /* fpaTests.swift in Sources */,
			);
			runOnlyForDeploymentPostprocessing = 0;
		};
		C59032722C8F5B0300328DC8 /* Sources */ = {
			isa = PBXSourcesBuildPhase;
			buildActionMask = 2147483647;
			files = (
				C590327D2C8F5B0300328DC8 /* fpaUITestsLaunchTests.swift in Sources */,
				C590327B2C8F5B0300328DC8 /* fpaUITests.swift in Sources */,
			);
			runOnlyForDeploymentPostprocessing = 0;
		};
/* End PBXSourcesBuildPhase section */

/* Begin PBXTargetDependency section */
		C590326E2C8F5B0300328DC8 /* PBXTargetDependency */ = {
			isa = PBXTargetDependency;
			target = C590325B2C8F5B0100328DC8 /* fpa */;
			targetProxy = C590326D2C8F5B0300328DC8 /* PBXContainerItemProxy */;
		};
		C59032782C8F5B0300328DC8 /* PBXTargetDependency */ = {
			isa = PBXTargetDependency;
			target = C590325B2C8F5B0100328DC8 /* fpa */;
			targetProxy = C59032772C8F5B0300328DC8 /* PBXContainerItemProxy */;
		};
/* End PBXTargetDependency section */

/* Begin XCBuildConfiguration section */
		C590327E2C8F5B0300328DC8 /* Debug */ = {
			isa = XCBuildConfiguration;
			buildSettings = {
				ALWAYS_SEARCH_USER_PATHS = NO;
				ASSETCATALOG_COMPILER_GENERATE_SWIFT_ASSET_SYMBOL_EXTENSIONS = YES;
				CLANG_ANALYZER_NONNULL = YES;
				CLANG_ANALYZER_NUMBER_OBJECT_CONVERSION = YES_AGGRESSIVE;
				CLANG_CXX_LANGUAGE_STANDARD = "gnu++20";
				CLANG_ENABLE_MODULES = YES;
				CLANG_ENABLE_OBJC_ARC = YES;
				CLANG_ENABLE_OBJC_WEAK = YES;
				CLANG_WARN_BLOCK_CAPTURE_AUTORELEASING = YES;
				CLANG_WARN_BOOL_CONVERSION = YES;
				CLANG_WARN_COMMA = YES;
				CLANG_WARN_CONSTANT_CONVERSION = YES;
				CLANG_WARN_DEPRECATED_OBJC_IMPLEMENTATIONS = YES;
				CLANG_WARN_DIRECT_OBJC_ISA_USAGE = YES_ERROR;
				CLANG_WARN_DOCUMENTATION_COMMENTS = YES;
				CLANG_WARN_EMPTY_BODY = YES;
				CLANG_WARN_ENUM_CONVERSION = YES;
				CLANG_WARN_INFINITE_RECURSION = YES;
				CLANG_WARN_INT_CONVERSION = YES;
				CLANG_WARN_NON_LITERAL_NULL_CONVERSION = YES;
				CLANG_WARN_OBJC_IMPLICIT_RETAIN_SELF = YES;
				CLANG_WARN_OBJC_LITERAL_CONVERSION = YES;
				CLANG_WARN_OBJC_ROOT_CLASS = YES_ERROR;
				CLANG_WARN_QUOTED_INCLUDE_IN_FRAMEWORK_HEADER = YES;
				CLANG_WARN_RANGE_LOOP_ANALYSIS = YES;
				CLANG_WARN_STRICT_PROTOTYPES = YES;
				CLANG_WARN_SUSPICIOUS_MOVE = YES;
				CLANG_WARN_UNGUARDED_AVAILABILITY = YES_AGGRESSIVE;
				CLANG_WARN_UNREACHABLE_CODE = YES;
				CLANG_WARN__DUPLICATE_METHOD_MATCH = YES;
				COPY_PHASE_STRIP = NO;
				DEBUG_INFORMATION_FORMAT = dwarf;
				ENABLE_STRICT_OBJC_MSGSEND = YES;
				ENABLE_TESTABILITY = YES;
				ENABLE_USER_SCRIPT_SANDBOXING = YES;
				GCC_C_LANGUAGE_STANDARD = gnu17;
				GCC_DYNAMIC_NO_PIC = NO;
				GCC_NO_COMMON_BLOCKS = YES;
				GCC_OPTIMIZATION_LEVEL = 0;
				GCC_PREPROCESSOR_DEFINITIONS = (
					"DEBUG=1",
					"$(inherited)",
				);
				GCC_WARN_64_TO_32_BIT_CONVERSION = YES;
				GCC_WARN_ABOUT_RETURN_TYPE = YES_ERROR;
				GCC_WARN_UNDECLARED_SELECTOR = YES;
				GCC_WARN_UNINITIALIZED_AUTOS = YES_AGGRESSIVE;
				GCC_WARN_UNUSED_FUNCTION = YES;
				GCC_WARN_UNUSED_VARIABLE = YES;
				IPHONEOS_DEPLOYMENT_TARGET = 17.5;
				LOCALIZATION_PREFERS_STRING_CATALOGS = YES;
				MTL_ENABLE_DEBUG_INFO = INCLUDE_SOURCE;
				MTL_FAST_MATH = YES;
				ONLY_ACTIVE_ARCH = YES;
				SDKROOT = iphoneos;
				SWIFT_ACTIVE_COMPILATION_CONDITIONS = "DEBUG $(inherited)";
				SWIFT_OPTIMIZATION_LEVEL = "-Onone";
			};
			name = Debug;
		};
		C590327F2C8F5B0300328DC8 /* Release */ = {
			isa = XCBuildConfiguration;
			buildSettings = {
				ALWAYS_SEARCH_USER_PATHS = NO;
				ASSETCATALOG_COMPILER_GENERATE_SWIFT_ASSET_SYMBOL_EXTENSIONS = YES;
				CLANG_ANALYZER_NONNULL = YES;
				CLANG_ANALYZER_NUMBER_OBJECT_CONVERSION = YES_AGGRESSIVE;
				CLANG_CXX_LANGUAGE_STANDARD = "gnu++20";
				CLANG_ENABLE_MODULES = YES;
				CLANG_ENABLE_OBJC_ARC = YES;
				CLANG_ENABLE_OBJC_WEAK = YES;
				CLANG_WARN_BLOCK_CAPTURE_AUTORELEASING = YES;
				CLANG_WARN_BOOL_CONVERSION = YES;
				CLANG_WARN_COMMA = YES;
				CLANG_WARN_CONSTANT_CONVERSION = YES;
				CLANG_WARN_DEPRECATED_OBJC_IMPLEMENTATIONS = YES;
				CLANG_WARN_DIRECT_OBJC_ISA_USAGE = YES_ERROR;
				CLANG_WARN_DOCUMENTATION_COMMENTS = YES;
				CLANG_WARN_EMPTY_BODY = YES;
				CLANG_WARN_ENUM_CONVERSION = YES;
				CLANG_WARN_INFINITE_RECURSION = YES;
				CLANG_WARN_INT_CONVERSION = YES;
				CLANG_WARN_NON_LITERAL_NULL_CONVERSION = YES;
				CLANG_WARN_OBJC_IMPLICIT_RETAIN_SELF = YES;
				CLANG_WARN_OBJC_LITERAL_CONVERSION = YES;
				CLANG_WARN_OBJC_ROOT_CLASS = YES_ERROR;
				CLANG_WARN_QUOTED_INCLUDE_IN_FRAMEWORK_HEADER = YES;
				CLANG_WARN_RANGE_LOOP_ANALYSIS = YES;
				CLANG_WARN_STRICT_PROTOTYPES = YES;
				CLANG_WARN_SUSPICIOUS_MOVE = YES;
				CLANG_WARN_UNGUARDED_AVAILABILITY = YES_AGGRESSIVE;
				CLANG_WARN_UNREACHABLE_CODE = YES;
				CLANG_WARN__DUPLICATE_METHOD_MATCH = YES;
				COPY_PHASE_STRIP = NO;
				DEBUG_INFORMATION_FORMAT = "dwarf-with-dsym";
				ENABLE_NS_ASSERTIONS = NO;
				ENABLE_STRICT_OBJC_MSGSEND = YES;
				ENABLE_USER_SCRIPT_SANDBOXING = YES;
				GCC_C_LANGUAGE_STANDARD = gnu17;
				GCC_NO_COMMON_BLOCKS = YES;
				GCC_WARN_64_TO_32_BIT_CONVERSION = YES;
				GCC_WARN_ABOUT_RETURN_TYPE = YES_ERROR;
				GCC_WARN_UNDECLARED_SELECTOR = YES;
				GCC_WARN_UNINITIALIZED_AUTOS = YES_AGGRESSIVE;
				GCC_WARN_UNUSED_FUNCTION = YES;
				GCC_WARN_UNUSED_VARIABLE = YES;
				IPHONEOS_DEPLOYMENT_TARGET = 17.5;
				LOCALIZATION_PREFERS_STRING_CATALOGS = YES;
				MTL_ENABLE_DEBUG_INFO = NO;
				MTL_FAST_MATH = YES;
				SDKROOT = iphoneos;
				SWIFT_COMPILATION_MODE = wholemodule;
				VALIDATE_PRODUCT = YES;
			};
			name = Release;
		};
		C59032812C8F5B0300328DC8 /* Debug */ = {
			isa = XCBuildConfiguration;
			buildSettings = {
				ASSETCATALOG_COMPILER_APPICON_NAME = AppIcon;
				ASSETCATALOG_COMPILER_GLOBAL_ACCENT_COLOR_NAME = AccentColor;
				CODE_SIGN_STYLE = Automatic;
				CURRENT_PROJECT_VERSION = 1;
				DEVELOPMENT_ASSET_PATHS = "\"fpa/Preview Content\"";
				ENABLE_PREVIEWS = YES;
				GENERATE_INFOPLIST_FILE = YES;
				INFOPLIST_KEY_UIApplicationSceneManifest_Generation = YES;
				INFOPLIST_KEY_UIApplicationSupportsIndirectInputEvents = YES;
				INFOPLIST_KEY_UILaunchScreen_Generation = YES;
				INFOPLIST_KEY_UISupportedInterfaceOrientations_iPad = "UIInterfaceOrientationPortrait UIInterfaceOrientationPortraitUpsideDown UIInterfaceOrientationLandscapeLeft UIInterfaceOrientationLandscapeRight";
				INFOPLIST_KEY_UISupportedInterfaceOrientations_iPhone = "UIInterfaceOrientationPortrait UIInterfaceOrientationLandscapeLeft UIInterfaceOrientationLandscapeRight";
				LD_RUNPATH_SEARCH_PATHS = (
					"$(inherited)",
					"@executable_path/Frameworks",
				);
				MARKETING_VERSION = 1.0;
				PRODUCT_BUNDLE_IDENTIFIER = psbagga.fpa;
				PRODUCT_NAME = "$(TARGET_NAME)";
				SWIFT_EMIT_LOC_STRINGS = YES;
				SWIFT_VERSION = 5.0;
				TARGETED_DEVICE_FAMILY = "1,2";
			};
			name = Debug;
		};
		C59032822C8F5B0300328DC8 /* Release */ = {
			isa = XCBuildConfiguration;
			buildSettings = {
				ASSETCATALOG_COMPILER_APPICON_NAME = AppIcon;
				ASSETCATALOG_COMPILER_GLOBAL_ACCENT_COLOR_NAME = AccentColor;
				CODE_SIGN_STYLE = Automatic;
				CURRENT_PROJECT_VERSION = 1;
				DEVELOPMENT_ASSET_PATHS = "\"fpa/Preview Content\"";
				ENABLE_PREVIEWS = YES;
				GENERATE_INFOPLIST_FILE = YES;
				INFOPLIST_KEY_UIApplicationSceneManifest_Generation = YES;
				INFOPLIST_KEY_UIApplicationSupportsIndirectInputEvents = YES;
				INFOPLIST_KEY_UILaunchScreen_Generation = YES;
				INFOPLIST_KEY_UISupportedInterfaceOrientations_iPad = "UIInterfaceOrientationPortrait UIInterfaceOrientationPortraitUpsideDown UIInterfaceOrientationLandscapeLeft UIInterfaceOrientationLandscapeRight";
				INFOPLIST_KEY_UISupportedInterfaceOrientations_iPhone = "UIInterfaceOrientationPortrait UIInterfaceOrientationLandscapeLeft UIInterfaceOrientationLandscapeRight";
				LD_RUNPATH_SEARCH_PATHS = (
					"$(inherited)",
					"@executable_path/Frameworks",
				);
				MARKETING_VERSION = 1.0;
				PRODUCT_BUNDLE_IDENTIFIER = psbagga.fpa;
				PRODUCT_NAME = "$(TARGET_NAME)";
				SWIFT_EMIT_LOC_STRINGS = YES;
				SWIFT_VERSION = 5.0;
				TARGETED_DEVICE_FAMILY = "1,2";
			};
			name = Release;
		};
		C59032842C8F5B0300328DC8 /* Debug */ = {
			isa = XCBuildConfiguration;
			buildSettings = {
				ALWAYS_EMBED_SWIFT_STANDARD_LIBRARIES = YES;
				BUNDLE_LOADER = "$(TEST_HOST)";
				CODE_SIGN_STYLE = Automatic;
				CURRENT_PROJECT_VERSION = 1;
				GENERATE_INFOPLIST_FILE = YES;
				IPHONEOS_DEPLOYMENT_TARGET = 17.5;
				MARKETING_VERSION = 1.0;
				PRODUCT_BUNDLE_IDENTIFIER = psbagga.fpaTests;
				PRODUCT_NAME = "$(TARGET_NAME)";
				SWIFT_EMIT_LOC_STRINGS = NO;
				SWIFT_VERSION = 5.0;
				TARGETED_DEVICE_FAMILY = "1,2";
				TEST_HOST = "$(BUILT_PRODUCTS_DIR)/fpa.app/$(BUNDLE_EXECUTABLE_FOLDER_PATH)/fpa";
			};
			name = Debug;
		};
		C59032852C8F5B0300328DC8 /* Release */ = {
			isa = XCBuildConfiguration;
			buildSettings = {
				ALWAYS_EMBED_SWIFT_STANDARD_LIBRARIES = YES;
				BUNDLE_LOADER = "$(TEST_HOST)";
				CODE_SIGN_STYLE = Automatic;
				CURRENT_PROJECT_VERSION = 1;
				GENERATE_INFOPLIST_FILE = YES;
				IPHONEOS_DEPLOYMENT_TARGET = 17.5;
				MARKETING_VERSION = 1.0;
				PRODUCT_BUNDLE_IDENTIFIER = psbagga.fpaTests;
				PRODUCT_NAME = "$(TARGET_NAME)";
				SWIFT_EMIT_LOC_STRINGS = NO;
				SWIFT_VERSION = 5.0;
				TARGETED_DEVICE_FAMILY = "1,2";
				TEST_HOST = "$(BUILT_PRODUCTS_DIR)/fpa.app/$(BUNDLE_EXECUTABLE_FOLDER_PATH)/fpa";
			};
			name = Release;
		};
		C59032872C8F5B0300328DC8 /* Debug */ = {
			isa = XCBuildConfiguration;
			buildSettings = {
				ALWAYS_EMBED_SWIFT_STANDARD_LIBRARIES = YES;
				CODE_SIGN_STYLE = Automatic;
				CURRENT_PROJECT_VERSION = 1;
				GENERATE_INFOPLIST_FILE = YES;
				MARKETING_VERSION = 1.0;
				PRODUCT_BUNDLE_IDENTIFIER = psbagga.fpaUITests;
				PRODUCT_NAME = "$(TARGET_NAME)";
				SWIFT_EMIT_LOC_STRINGS = NO;
				SWIFT_VERSION = 5.0;
				TARGETED_DEVICE_FAMILY = "1,2";
				TEST_TARGET_NAME = fpa;
			};
			name = Debug;
		};
		C59032882C8F5B0300328DC8 /* Release */ = {
			isa = XCBuildConfiguration;
			buildSettings = {
				ALWAYS_EMBED_SWIFT_STANDARD_LIBRARIES = YES;
				CODE_SIGN_STYLE = Automatic;
				CURRENT_PROJECT_VERSION = 1;
				GENERATE_INFOPLIST_FILE = YES;
				MARKETING_VERSION = 1.0;
				PRODUCT_BUNDLE_IDENTIFIER = psbagga.fpaUITests;
				PRODUCT_NAME = "$(TARGET_NAME)";
				SWIFT_EMIT_LOC_STRINGS = NO;
				SWIFT_VERSION = 5.0;
				TARGETED_DEVICE_FAMILY = "1,2";
				TEST_TARGET_NAME = fpa;
			};
			name = Release;
		};
/* End XCBuildConfiguration section */

/* Begin XCConfigurationList section */
		C59032572C8F5B0100328DC8 /* Build configuration list for PBXProject "fpa" */ = {
			isa = XCConfigurationList;
			buildConfigurations = (
				C590327E2C8F5B0300328DC8 /* Debug */,
				C590327F2C8F5B0300328DC8 /* Release */,
			);
			defaultConfigurationIsVisible = 0;
			defaultConfigurationName = Release;
		};
		C59032802C8F5B0300328DC8 /* Build configuration list for PBXNativeTarget "fpa" */ = {
			isa = XCConfigurationList;
			buildConfigurations = (
				C59032812C8F5B0300328DC8 /* Debug */,
				C59032822C8F5B0300328DC8 /* Release */,
			);
			defaultConfigurationIsVisible = 0;
			defaultConfigurationName = Release;
		};
		C59032832C8F5B0300328DC8 /* Build configuration list for PBXNativeTarget "fpaTests" */ = {
			isa = XCConfigurationList;
			buildConfigurations = (
				C59032842C8F5B0300328DC8 /* Debug */,
				C59032852C8F5B0300328DC8 /* Release */,
			);
			defaultConfigurationIsVisible = 0;
			defaultConfigurationName = Release;
		};
		C59032862C8F5B0300328DC8 /* Build configuration list for PBXNativeTarget "fpaUITests" */ = {
			isa = XCConfigurationList;
			buildConfigurations = (
				C59032872C8F5B0300328DC8 /* Debug */,
				C59032882C8F5B0300328DC8 /* Release */,
			);
			defaultConfigurationIsVisible = 0;
			defaultConfigurationName = Release;
		};
/* End XCConfigurationList section */

/* Begin XCRemoteSwiftPackageReference section */
		C55E47D02C90418C000A64CF /* XCRemoteSwiftPackageReference "firebase-ios-sdk" */ = {
			isa = XCRemoteSwiftPackageReference;
			repositoryURL = "https://github.com/firebase/firebase-ios-sdk";
			requirement = {
				kind = upToNextMajorVersion;
				minimumVersion = 11.1.0;
			};
		};
		C566524D2C902E2600EE3A82 /* XCRemoteSwiftPackageReference "ConfettiSwiftUI" */ = {
			isa = XCRemoteSwiftPackageReference;
			repositoryURL = "https://github.com/simibac/ConfettiSwiftUI";
			requirement = {
				kind = upToNextMajorVersion;
				minimumVersion = 1.1.0;
			};
		};
/* End XCRemoteSwiftPackageReference section */

/* Begin XCSwiftPackageProductDependency section */
		C55E47D32C904371000A64CF /* FirebaseAuth */ = {
			isa = XCSwiftPackageProductDependency;
			package = C55E47D02C90418C000A64CF /* XCRemoteSwiftPackageReference "firebase-ios-sdk" */;
			productName = FirebaseAuth;
		};
		C55E47D52C904371000A64CF /* FirebaseDatabase */ = {
			isa = XCSwiftPackageProductDependency;
			package = C55E47D02C90418C000A64CF /* XCRemoteSwiftPackageReference "firebase-ios-sdk" */;
			productName = FirebaseDatabase;
		};
		C55E47D72C904390000A64CF /* FirebaseAnalytics */ = {
			isa = XCSwiftPackageProductDependency;
			package = C55E47D02C90418C000A64CF /* XCRemoteSwiftPackageReference "firebase-ios-sdk" */;
			productName = FirebaseAnalytics;
		};
		C55E47D92C904390000A64CF /* FirebaseAnalyticsOnDeviceConversion */ = {
			isa = XCSwiftPackageProductDependency;
			package = C55E47D02C90418C000A64CF /* XCRemoteSwiftPackageReference "firebase-ios-sdk" */;
			productName = FirebaseAnalyticsOnDeviceConversion;
		};
		C55E47DB2C904390000A64CF /* FirebaseAnalyticsWithoutAdIdSupport */ = {
			isa = XCSwiftPackageProductDependency;
			package = C55E47D02C90418C000A64CF /* XCRemoteSwiftPackageReference "firebase-ios-sdk" */;
			productName = FirebaseAnalyticsWithoutAdIdSupport;
		};
		C55E47DD2C904390000A64CF /* FirebaseAppCheck */ = {
			isa = XCSwiftPackageProductDependency;
			package = C55E47D02C90418C000A64CF /* XCRemoteSwiftPackageReference "firebase-ios-sdk" */;
			productName = FirebaseAppCheck;
		};
		C55E47DF2C904390000A64CF /* FirebaseAppDistribution-Beta */ = {
			isa = XCSwiftPackageProductDependency;
			package = C55E47D02C90418C000A64CF /* XCRemoteSwiftPackageReference "firebase-ios-sdk" */;
			productName = "FirebaseAppDistribution-Beta";
		};
		C55E47E12C904390000A64CF /* FirebaseAuthCombine-Community */ = {
			isa = XCSwiftPackageProductDependency;
			package = C55E47D02C90418C000A64CF /* XCRemoteSwiftPackageReference "firebase-ios-sdk" */;
			productName = "FirebaseAuthCombine-Community";
		};
		C55E47E32C904390000A64CF /* FirebaseCrashlytics */ = {
			isa = XCSwiftPackageProductDependency;
			package = C55E47D02C90418C000A64CF /* XCRemoteSwiftPackageReference "firebase-ios-sdk" */;
			productName = FirebaseCrashlytics;
		};
		C55E47E52C904390000A64CF /* FirebaseDynamicLinks */ = {
			isa = XCSwiftPackageProductDependency;
			package = C55E47D02C90418C000A64CF /* XCRemoteSwiftPackageReference "firebase-ios-sdk" */;
			productName = FirebaseDynamicLinks;
		};
		C55E47E72C904390000A64CF /* FirebaseFirestore */ = {
			isa = XCSwiftPackageProductDependency;
			package = C55E47D02C90418C000A64CF /* XCRemoteSwiftPackageReference "firebase-ios-sdk" */;
			productName = FirebaseFirestore;
		};
		C55E47E92C904390000A64CF /* FirebaseFirestoreCombine-Community */ = {
			isa = XCSwiftPackageProductDependency;
			package = C55E47D02C90418C000A64CF /* XCRemoteSwiftPackageReference "firebase-ios-sdk" */;
			productName = "FirebaseFirestoreCombine-Community";
		};
		C55E47EB2C904390000A64CF /* FirebaseFunctions */ = {
			isa = XCSwiftPackageProductDependency;
			package = C55E47D02C90418C000A64CF /* XCRemoteSwiftPackageReference "firebase-ios-sdk" */;
			productName = FirebaseFunctions;
		};
		C55E47ED2C904390000A64CF /* FirebaseFunctionsCombine-Community */ = {
			isa = XCSwiftPackageProductDependency;
			package = C55E47D02C90418C000A64CF /* XCRemoteSwiftPackageReference "firebase-ios-sdk" */;
			productName = "FirebaseFunctionsCombine-Community";
		};
		C55E47EF2C904390000A64CF /* FirebaseInAppMessaging-Beta */ = {
			isa = XCSwiftPackageProductDependency;
			package = C55E47D02C90418C000A64CF /* XCRemoteSwiftPackageReference "firebase-ios-sdk" */;
			productName = "FirebaseInAppMessaging-Beta";
		};
		C55E47F12C904390000A64CF /* FirebaseInstallations */ = {
			isa = XCSwiftPackageProductDependency;
			package = C55E47D02C90418C000A64CF /* XCRemoteSwiftPackageReference "firebase-ios-sdk" */;
			productName = FirebaseInstallations;
		};
		C55E47F32C904390000A64CF /* FirebaseMessaging */ = {
			isa = XCSwiftPackageProductDependency;
			package = C55E47D02C90418C000A64CF /* XCRemoteSwiftPackageReference "firebase-ios-sdk" */;
			productName = FirebaseMessaging;
		};
		C55E47F52C904390000A64CF /* FirebaseMLModelDownloader */ = {
			isa = XCSwiftPackageProductDependency;
			package = C55E47D02C90418C000A64CF /* XCRemoteSwiftPackageReference "firebase-ios-sdk" */;
			productName = FirebaseMLModelDownloader;
		};
		C55E47F72C904390000A64CF /* FirebasePerformance */ = {
			isa = XCSwiftPackageProductDependency;
			package = C55E47D02C90418C000A64CF /* XCRemoteSwiftPackageReference "firebase-ios-sdk" */;
			productName = FirebasePerformance;
		};
		C55E47F92C904390000A64CF /* FirebaseRemoteConfig */ = {
			isa = XCSwiftPackageProductDependency;
			package = C55E47D02C90418C000A64CF /* XCRemoteSwiftPackageReference "firebase-ios-sdk" */;
			productName = FirebaseRemoteConfig;
		};
		C55E47FB2C904390000A64CF /* FirebaseStorage */ = {
			isa = XCSwiftPackageProductDependency;
			package = C55E47D02C90418C000A64CF /* XCRemoteSwiftPackageReference "firebase-ios-sdk" */;
			productName = FirebaseStorage;
		};
		C55E47FD2C904390000A64CF /* FirebaseStorageCombine-Community */ = {
			isa = XCSwiftPackageProductDependency;
			package = C55E47D02C90418C000A64CF /* XCRemoteSwiftPackageReference "firebase-ios-sdk" */;
			productName = "FirebaseStorageCombine-Community";
		};
		C55E47FF2C904390000A64CF /* FirebaseVertexAI-Preview */ = {
			isa = XCSwiftPackageProductDependency;
			package = C55E47D02C90418C000A64CF /* XCRemoteSwiftPackageReference "firebase-ios-sdk" */;
			productName = "FirebaseVertexAI-Preview";
		};
		C5F252D82C902F80007FEE1F /* ConfettiSwiftUI */ = {
			isa = XCSwiftPackageProductDependency;
			package = C566524D2C902E2600EE3A82 /* XCRemoteSwiftPackageReference "ConfettiSwiftUI" */;
			productName = ConfettiSwiftUI;
		};
/* End XCSwiftPackageProductDependency section */
	};
	rootObject = C59032542C8F5B0100328DC8 /* Project object */;
}
